
Microsoft Visual Studio Solution File, Format Version 12.00
# Visual Studio 15
VisualStudioVersion = 15.0.28307.271
MinimumVisualStudioVersion = 10.0.40219.1
Project("{9A19103F-16F7-4668-BE54-9A1E7A4F7556}") = "BigBang.Migrator", "BigBang.Migrator\BigBang.Migrator.csproj", "{3552C143-B5AE-4025-B313-4DD7F7CE5C5F}"
EndProject
Project("{FAE04EC0-301F-11D3-BF4B-00C04F79EFBC}") = "BigBang.Migrator.Tests", "BigBang.Migrator.Tests\BigBang.Migrator.Tests.csproj", "{3732F613-349A-4CA7-9F2D-E156B1087AC2}"
EndProject
Global
	GlobalSection(SolutionConfigurationPlatforms) = preSolution
		Debug|Any CPU = Debug|Any CPU
		Release|Any CPU = Release|Any CPU
	EndGlobalSection
	GlobalSection(ProjectConfigurationPlatforms) = postSolution
		{3552C143-B5AE-4025-B313-4DD7F7CE5C5F}.Debug|Any CPU.ActiveCfg = Debug|Any CPU
		{3552C143-B5AE-4025-B313-4DD7F7CE5C5F}.Debug|Any CPU.Build.0 = Debug|Any CPU
		{3552C143-B5AE-4025-B313-4DD7F7CE5C5F}.Release|Any CPU.ActiveCfg = Release|Any CPU
		{3552C143-B5AE-4025-B313-4DD7F7CE5C5F}.Release|Any CPU.Build.0 = Release|Any CPU
		{3732F613-349A-4CA7-9F2D-E156B1087AC2}.Debug|Any CPU.ActiveCfg = Debug|Any CPU
		{3732F613-349A-4CA7-9F2D-E156B1087AC2}.Debug|Any CPU.Build.0 = Debug|Any CPU
		{3732F613-349A-4CA7-9F2D-E156B1087AC2}.Release|Any CPU.ActiveCfg = Release|Any CPU
		{3732F613-349A-4CA7-9F2D-E156B1087AC2}.Release|Any CPU.Build.0 = Release|Any CPU
	EndGlobalSection
	GlobalSection(SolutionProperties) = preSolution
		HideSolutionNode = FALSE
	EndGlobalSection
	GlobalSection(ExtensibilityGlobals) = postSolution
		SolutionGuid = {038470AC-CF1C-479A-9A73-7ECE2CD7C266}
	EndGlobalSection
EndGlobal
